
Microsoft Visual Studio Solution File, Format Version 12.00
# Visual Studio 15
VisualStudioVersion = 15.0.28307.852
MinimumVisualStudioVersion = 10.0.40219.1
Project("{9A19103F-16F7-4668-BE54-9A1E7A4F7556}") = "TimeSheetApp", "TimeSheetApp\TimeSheetApp.csproj", "{72706504-2580-4DB3-8CAB-04B631EF8DB7}"
EndProject
Global
	GlobalSection(SolutionConfigurationPlatforms) = preSolution
		Debug|Any CPU = Debug|Any CPU
		Release|Any CPU = Release|Any CPU
	EndGlobalSection
	GlobalSection(ProjectConfigurationPlatforms) = postSolution
		{72706504-2580-4DB3-8CAB-04B631EF8DB7}.Debug|Any CPU.ActiveCfg = Debug|Any CPU
		{72706504-2580-4DB3-8CAB-04B631EF8DB7}.Debug|Any CPU.Build.0 = Debug|Any CPU
		{72706504-2580-4DB3-8CAB-04B631EF8DB7}.Release|Any CPU.ActiveCfg = Release|Any CPU
		{72706504-2580-4DB3-8CAB-04B631EF8DB7}.Release|Any CPU.Build.0 = Release|Any CPU
	EndGlobalSection
	GlobalSection(SolutionProperties) = preSolution
		HideSolutionNode = FALSE
	EndGlobalSection
	GlobalSection(ExtensibilityGlobals) = postSolution
		SolutionGuid = {D206D83E-4709-4FC8-80DB-26EBE54CB493}
	EndGlobalSection
EndGlobal
